
Microsoft Visual Studio Solution File, Format Version 12.00
# Visual Studio Version 17
VisualStudioVersion = 17.4.33213.308
MinimumVisualStudioVersion = 10.0.40219.1
Project("{FAE04EC0-301F-11D3-BF4B-00C04F79EFBC}") = "LiveDataAPI", "LiveDataAPI\LiveDataAPI.csproj", "{6AD9360B-CBDC-4829-809D-2119594D7853}"
EndProject
Global
	GlobalSection(SolutionConfigurationPlatforms) = preSolution
		Debug|Any CPU = Debug|Any CPU
		Release|Any CPU = Release|Any CPU
	EndGlobalSection
	GlobalSection(ProjectConfigurationPlatforms) = postSolution
		{6AD9360B-CBDC-4829-809D-2119594D7853}.Debug|Any CPU.ActiveCfg = Debug|Any CPU
		{6AD9360B-CBDC-4829-809D-2119594D7853}.Debug|Any CPU.Build.0 = Debug|Any CPU
		{6AD9360B-CBDC-4829-809D-2119594D7853}.Release|Any CPU.ActiveCfg = Release|Any CPU
		{6AD9360B-CBDC-4829-809D-2119594D7853}.Release|Any CPU.Build.0 = Release|Any CPU
	EndGlobalSection
	GlobalSection(SolutionProperties) = preSolution
		HideSolutionNode = FALSE
	EndGlobalSection
	GlobalSection(ExtensibilityGlobals) = postSolution
		SolutionGuid = {3B4B8CEB-9ED7-4948-B840-83F134A780AE}
	EndGlobalSection
EndGlobal
